
Microsoft Visual Studio Solution File, Format Version 12.00
# Visual Studio Version 17
VisualStudioVersion = 17.7.34202.233
MinimumVisualStudioVersion = 10.0.40219.1
Project("{FAE04EC0-301F-11D3-BF4B-00C04F79EFBC}") = "LearningManagementSystem", "LearningManagementSystem\LearningManagementSystem.csproj", "{676CB7BC-F1B9-4F44-A320-FA09751EDD7B}"
EndProject
Global
	GlobalSection(SolutionConfigurationPlatforms) = preSolution
		Debug|Any CPU = Debug|Any CPU
		Release|Any CPU = Release|Any CPU
	EndGlobalSection
	GlobalSection(ProjectConfigurationPlatforms) = postSolution
		{676CB7BC-F1B9-4F44-A320-FA09751EDD7B}.Debug|Any CPU.ActiveCfg = Debug|Any CPU
		{676CB7BC-F1B9-4F44-A320-FA09751EDD7B}.Debug|Any CPU.Build.0 = Debug|Any CPU
		{676CB7BC-F1B9-4F44-A320-FA09751EDD7B}.Release|Any CPU.ActiveCfg = Release|Any CPU
		{676CB7BC-F1B9-4F44-A320-FA09751EDD7B}.Release|Any CPU.Build.0 = Release|Any CPU
	EndGlobalSection
	GlobalSection(SolutionProperties) = preSolution
		HideSolutionNode = FALSE
	EndGlobalSection
	GlobalSection(ExtensibilityGlobals) = postSolution
		SolutionGuid = {97EF03FA-502A-42E9-A290-08C56140B619}
	EndGlobalSection
EndGlobal
